// !$*UTF8*$!
{
	archiveVersion = 1;
	classes = {
	};
	objectVersion = 77;
	objects = {

/* Begin PBXBuildFile section */
		0EC5FC772F192647002129FC /* Localizable.strings in Resources */ = {isa = PBXBuildFile; fileRef = 0EC5FC752F192647002129FC /* Localizable.strings */; };
		0EC5FC782F192647002129FC /* Localizable.strings in Resources */ = {isa = PBXBuildFile; fileRef = 0EC5FC752F192647002129FC /* Localizable.strings */; };
/* End PBXBuildFile section */

/* Begin PBXContainerItemProxy section */
		0EC909DC2F18743F00FEBC67 /* PBXContainerItemProxy */ = {
			isa = PBXContainerItemProxy;
			containerPortal = 0EC909C62F18743E00FEBC67 /* Project object */;
			proxyType = 1;
			remoteGlobalIDString = 0EC909CD2F18743E00FEBC67;
			remoteInfo = HocaLingo;
		};
		0EC909E62F18743F00FEBC67 /* PBXContainerItemProxy */ = {
			isa = PBXContainerItemProxy;
			containerPortal = 0EC909C62F18743E00FEBC67 /* Project object */;
			proxyType = 1;
			remoteGlobalIDString = 0EC909CD2F18743E00FEBC67;
			remoteInfo = HocaLingo;
		};
/* End PBXContainerItemProxy section */

/* Begin PBXFileReference section */
		0EC5FC762F192647002129FC /* en */ = {isa = PBXFileReference; lastKnownFileType = text.plist.strings; name = en; path = en.lproj/Localizable.strings; sourceTree = "<group>"; };
		0EC5FC792F192821002129FC /* tr */ = {isa = PBXFileReference; lastKnownFileType = text.plist.strings; name = tr; path = tr.lproj/Localizable.strings; sourceTree = "<group>"; };
		0EC909CE2F18743E00FEBC67 /* HocaLingo.app */ = {isa = PBXFileReference; explicitFileType = wrapper.application; includeInIndex = 0; path = HocaLingo.app; sourceTree = BUILT_PRODUCTS_DIR; };
		0EC909DB2F18743F00FEBC67 /* HocaLingoTests.xctest */ = {isa = PBXFileReference; explicitFileType = wrapper.cfbundle; includeInIndex = 0; path = HocaLingoTests.xctest; sourceTree = BUILT_PRODUCTS_DIR; };
		0EC909E52F18743F00FEBC67 /* HocaLingoUITests.xctest */ = {isa = PBXFileReference; explicitFileType = wrapper.cfbundle; includeInIndex = 0; path = HocaLingoUITests.xctest; sourceTree = BUILT_PRODUCTS_DIR; };
/* End PBXFileReference section */

/* Begin PBXFileSystemSynchronizedBuildFileExceptionSet section */
		0E12B1B92F1A98E2002FCE76 /* Exceptions for "Resources" folder in "HocaLingo" target */ = {
			isa = PBXFileSystemSynchronizedBuildFileExceptionSet;
			membershipExceptions = (
				Sounds/card_flip.wav,
				Sounds/click_sound.wav,
				Sounds/playSwipeLeft.wav,
				Sounds/playSwipeRight.wav,
			);
			target = 0EC909CD2F18743E00FEBC67 /* HocaLingo */;
		};
		0E12B1BA2F1A98E2002FCE76 /* Exceptions for "Resources" folder in "HocaLingoTests" target */ = {
			isa = PBXFileSystemSynchronizedBuildFileExceptionSet;
			membershipExceptions = (
				Sounds/card_flip.wav,
				Sounds/click_sound.wav,
				Sounds/playSwipeLeft.wav,
				Sounds/playSwipeRight.wav,
			);
			target = 0EC909DA2F18743F00FEBC67 /* HocaLingoTests */;
		};
		0EC90A0B2F18860100FEBC67 /* Exceptions for "HocaLingo" folder in "HocaLingo" target */ = {
			isa = PBXFileSystemSynchronizedBuildFileExceptionSet;
			membershipExceptions = (
				App/MainTabView.swift,
				Assets.xcassets,
				ContentView.swift,
				Core/Storage/JSONLoader.swift,
				Core/Storage/UserDefaultsManager.swift,
				"Core/Storage/UserDefaultsManager+AnnualStats.swift",
				"Core/Storage/UserDefaultsManager+HiddenWords.swift",
				"Core/Storage/UserDefaultsManager+Home.swift",
				"Core/Storage/UserDefaultsManager+Language.swift",
				"Core/Storage/UserDefaultsManager+Stats.swift",
				"Core/Storage/UserDefaultsManager+Sync.swift",
				"Core/Storage/UserDefaultsManager+UserWords.swift",
				"Core/Utils/Color+Theme.swift",
				Core/Utils/ColorExtension.swift,
				Core/Utils/SoundManager.swift,
				Core/Utils/SpacedRepetition.swift,
				Core/Utils/ThemeViewModel.swift,
				Core/Utils/TTSManager.swift,
				en_tr_a1_001.json,
				Features/Home/AddWordDialogView.swift,
				Features/Home/HomeUiState.swift,
				Features/Home/HomeView.swift,
				Features/Home/HomeViewModel.swift,
				Features/Profile/Components/AnnualStatsSection.swift,
				Features/Profile/Components/LanguageSelectionCard.swift,
				Features/Profile/Components/LegalSupportSection.swift,
				Features/Profile/Components/NotificationCard.swift,
				Features/Profile/Components/StudyDirectionCard.swift,
				Features/Profile/ProfileView.swift,
				Features/Profile/ProfileViewModel.swift,
				Features/Selection/PackageSelectionView.swift,
				Features/Selection/PackageSelectionViewModel.swift,
				Features/Selection/SwipeableCardView.swift,
				Features/Selection/WordSelectionComponents.swift,
				Features/Selection/WordSelectionView.swift,
				Features/Selection/WordSelectionViewModel.swift,
				Features/Study/StudyCompletionView.swift,
				Features/Study/StudyEmptyStateView.swift,
				Features/Study/StudyFlipCard.swift,
				Features/Study/StudyView.swift,
				Features/Study/StudyViewModel.swift,
				HocaLingoApp.swift,
				Models/AnnualStats.swift,
				Models/AppLanguage.swift,
				Models/DailySelectionLimitManager.swift,
				Models/Package.swift,
				Models/PackageInfo.swift,
				Models/Progress.swift,
				"Models/Progress+Extensions.swift",
				Models/StudyDirection.swift,
				Models/ThemeMode.swift,
				Models/UserStats.swift,
				Models/VocabularyPackage.swift,
				Models/Word.swift,
			);
			target = 0EC909CD2F18743E00FEBC67 /* HocaLingo */;
		};
		0EC90A0C2F18860100FEBC67 /* Exceptions for "HocaLingo" folder in "HocaLingoTests" target */ = {
			isa = PBXFileSystemSynchronizedBuildFileExceptionSet;
			membershipExceptions = (
				App/MainTabView.swift,
				Assets.xcassets,
				ContentView.swift,
				Core/Storage/JSONLoader.swift,
				Core/Storage/UserDefaultsManager.swift,
				"Core/Storage/UserDefaultsManager+AnnualStats.swift",
				"Core/Storage/UserDefaultsManager+HiddenWords.swift",
				"Core/Storage/UserDefaultsManager+Home.swift",
				"Core/Storage/UserDefaultsManager+Language.swift",
				"Core/Storage/UserDefaultsManager+Stats.swift",
				"Core/Storage/UserDefaultsManager+Sync.swift",
				"Core/Storage/UserDefaultsManager+UserWords.swift",
				en_tr_a1_001.json,
				Features/Home/AddWordDialogView.swift,
				Features/Home/HomeUiState.swift,
				Features/Home/HomeView.swift,
				Features/Home/HomeViewModel.swift,
				Features/Selection/PackageSelectionView.swift,
				Features/Selection/PackageSelectionViewModel.swift,
				Features/Selection/SwipeableCardView.swift,
				Features/Selection/WordSelectionComponents.swift,
				Features/Selection/WordSelectionView.swift,
				Features/Selection/WordSelectionViewModel.swift,
				HocaLingoApp.swift,
				Models/AnnualStats.swift,
				Models/AppLanguage.swift,
				Models/DailySelectionLimitManager.swift,
				Models/Package.swift,
				Models/PackageInfo.swift,
				Models/Progress.swift,
				"Models/Progress+Extensions.swift",
				Models/StudyDirection.swift,
				Models/ThemeMode.swift,
				Models/UserStats.swift,
				Models/VocabularyPackage.swift,
				Models/Word.swift,
			);
			target = 0EC909DA2F18743F00FEBC67 /* HocaLingoTests */;
		};
/* End PBXFileSystemSynchronizedBuildFileExceptionSet section */

/* Begin PBXFileSystemSynchronizedRootGroup section */
		0E12B1B42F1A98E2002FCE76 /* Resources */ = {
			isa = PBXFileSystemSynchronizedRootGroup;
			exceptions = (
				0E12B1B92F1A98E2002FCE76 /* Exceptions for "Resources" folder in "HocaLingo" target */,
				0E12B1BA2F1A98E2002FCE76 /* Exceptions for "Resources" folder in "HocaLingoTests" target */,
			);
			path = Resources;
			sourceTree = "<group>";
		};
		0EC909DE2F18743F00FEBC67 /* HocaLingoTests */ = {
			isa = PBXFileSystemSynchronizedRootGroup;
			path = HocaLingoTests;
			sourceTree = "<group>";
		};
		0EC909E82F18743F00FEBC67 /* HocaLingoUITests */ = {
			isa = PBXFileSystemSynchronizedRootGroup;
			path = HocaLingoUITests;
			sourceTree = "<group>";
		};
		0EC90A072F18860100FEBC67 /* HocaLingo */ = {
			isa = PBXFileSystemSynchronizedRootGroup;
			exceptions = (
				0EC90A0B2F18860100FEBC67 /* Exceptions for "HocaLingo" folder in "HocaLingo" target */,
				0EC90A0C2F18860100FEBC67 /* Exceptions for "HocaLingo" folder in "HocaLingoTests" target */,
			);
			path = HocaLingo;
			sourceTree = "<group>";
		};
/* End PBXFileSystemSynchronizedRootGroup section */

/* Begin PBXFrameworksBuildPhase section */
		0EC909CB2F18743E00FEBC67 /* Frameworks */ = {
			isa = PBXFrameworksBuildPhase;
			buildActionMask = 2147483647;
			files = (
			);
			runOnlyForDeploymentPostprocessing = 0;
		};
		0EC909D82F18743F00FEBC67 /* Frameworks */ = {
			isa = PBXFrameworksBuildPhase;
			buildActionMask = 2147483647;
			files = (
			);
			runOnlyForDeploymentPostprocessing = 0;
		};
		0EC909E22F18743F00FEBC67 /* Frameworks */ = {
			isa = PBXFrameworksBuildPhase;
			buildActionMask = 2147483647;
			files = (
			);
			runOnlyForDeploymentPostprocessing = 0;
		};
/* End PBXFrameworksBuildPhase section */

/* Begin PBXGroup section */
		0EC909C52F18743E00FEBC67 = {
			isa = PBXGroup;
			children = (
				0EC5FC752F192647002129FC /* Localizable.strings */,
				0EC90A072F18860100FEBC67 /* HocaLingo */,
				0EC909DE2F18743F00FEBC67 /* HocaLingoTests */,
				0EC909E82F18743F00FEBC67 /* HocaLingoUITests */,
				0EC909CF2F18743E00FEBC67 /* Products */,
				0E12B1B42F1A98E2002FCE76 /* Resources */,
			);
			sourceTree = "<group>";
		};
		0EC909CF2F18743E00FEBC67 /* Products */ = {
			isa = PBXGroup;
			children = (
				0EC909CE2F18743E00FEBC67 /* HocaLingo.app */,
				0EC909DB2F18743F00FEBC67 /* HocaLingoTests.xctest */,
				0EC909E52F18743F00FEBC67 /* HocaLingoUITests.xctest */,
			);
			name = Products;
			sourceTree = "<group>";
		};
/* End PBXGroup section */

/* Begin PBXNativeTarget section */
		0EC909CD2F18743E00FEBC67 /* HocaLingo */ = {
			isa = PBXNativeTarget;
			buildConfigurationList = 0EC909EF2F18743F00FEBC67 /* Build configuration list for PBXNativeTarget "HocaLingo" */;
			buildPhases = (
				0EC909CA2F18743E00FEBC67 /* Sources */,
				0EC909CB2F18743E00FEBC67 /* Frameworks */,
				0EC909CC2F18743E00FEBC67 /* Resources */,
			);
			buildRules = (
			);
			dependencies = (
			);
			name = HocaLingo;
			packageProductDependencies = (
			);
			productName = HocaLingo;
			productReference = 0EC909CE2F18743E00FEBC67 /* HocaLingo.app */;
			productType = "com.apple.product-type.application";
		};
		0EC909DA2F18743F00FEBC67 /* HocaLingoTests */ = {
			isa = PBXNativeTarget;
			buildConfigurationList = 0EC909F22F18743F00FEBC67 /* Build configuration list for PBXNativeTarget "HocaLingoTests" */;
			buildPhases = (
				0EC909D72F18743F00FEBC67 /* Sources */,
				0EC909D82F18743F00FEBC67 /* Frameworks */,
				0EC909D92F18743F00FEBC67 /* Resources */,
			);
			buildRules = (
			);
			dependencies = (
				0EC909DD2F18743F00FEBC67 /* PBXTargetDependency */,
			);
			fileSystemSynchronizedGroups = (
				0E12B1B42F1A98E2002FCE76 /* Resources */,
				0EC909DE2F18743F00FEBC67 /* HocaLingoTests */,
				0EC90A072F18860100FEBC67 /* HocaLingo */,
			);
			name = HocaLingoTests;
			packageProductDependencies = (
			);
			productName = HocaLingoTests;
			productReference = 0EC909DB2F18743F00FEBC67 /* HocaLingoTests.xctest */;
			productType = "com.apple.product-type.bundle.unit-test";
		};
		0EC909E42F18743F00FEBC67 /* HocaLingoUITests */ = {
			isa = PBXNativeTarget;
			buildConfigurationList = 0EC909F52F18743F00FEBC67 /* Build configuration list for PBXNativeTarget "HocaLingoUITests" */;
			buildPhases = (
				0EC909E12F18743F00FEBC67 /* Sources */,
				0EC909E22F18743F00FEBC67 /* Frameworks */,
				0EC909E32F18743F00FEBC67 /* Resources */,
			);
			buildRules = (
			);
			dependencies = (
				0EC909E72F18743F00FEBC67 /* PBXTargetDependency */,
			);
			fileSystemSynchronizedGroups = (
				0EC909E82F18743F00FEBC67 /* HocaLingoUITests */,
			);
			name = HocaLingoUITests;
			packageProductDependencies = (
			);
			productName = HocaLingoUITests;
			productReference = 0EC909E52F18743F00FEBC67 /* HocaLingoUITests.xctest */;
			productType = "com.apple.product-type.bundle.ui-testing";
		};
/* End PBXNativeTarget section */

/* Begin PBXProject section */
		0EC909C62F18743E00FEBC67 /* Project object */ = {
			isa = PBXProject;
			attributes = {
				BuildIndependentTargetsInParallel = 1;
				LastSwiftUpdateCheck = 2600;
				LastUpgradeCheck = 2600;
				TargetAttributes = {
					0EC909CD2F18743E00FEBC67 = {
						CreatedOnToolsVersion = 26.0.1;
					};
					0EC909DA2F18743F00FEBC67 = {
						CreatedOnToolsVersion = 26.0.1;
						TestTargetID = 0EC909CD2F18743E00FEBC67;
					};
					0EC909E42F18743F00FEBC67 = {
						CreatedOnToolsVersion = 26.0.1;
						TestTargetID = 0EC909CD2F18743E00FEBC67;
					};
				};
			};
			buildConfigurationList = 0EC909C92F18743E00FEBC67 /* Build configuration list for PBXProject "HocaLingo" */;
			developmentRegion = en;
			hasScannedForEncodings = 0;
			knownRegions = (
				en,
				Base,
				tr,
			);
			mainGroup = 0EC909C52F18743E00FEBC67;
			minimizedProjectReferenceProxies = 1;
			preferredProjectObjectVersion = 77;
			productRefGroup = 0EC909CF2F18743E00FEBC67 /* Products */;
			projectDirPath = "";
			projectRoot = "";
			targets = (
				0EC909CD2F18743E00FEBC67 /* HocaLingo */,
				0EC909DA2F18743F00FEBC67 /* HocaLingoTests */,
				0EC909E42F18743F00FEBC67 /* HocaLingoUITests */,
			);
		};
/* End PBXProject section */

/* Begin PBXResourcesBuildPhase section */
		0EC909CC2F18743E00FEBC67 /* Resources */ = {
			isa = PBXResourcesBuildPhase;
			buildActionMask = 2147483647;
			files = (
				0EC5FC782F192647002129FC /* Localizable.strings in Resources */,
			);
			runOnlyForDeploymentPostprocessing = 0;
		};
		0EC909D92F18743F00FEBC67 /* Resources */ = {
			isa = PBXResourcesBuildPhase;
			buildActionMask = 2147483647;
			files = (
				0EC5FC772F192647002129FC /* Localizable.strings in Resources */,
			);
			runOnlyForDeploymentPostprocessing = 0;
		};
		0EC909E32F18743F00FEBC67 /* Resources */ = {
			isa = PBXResourcesBuildPhase;
			buildActionMask = 2147483647;
			files = (
			);
			runOnlyForDeploymentPostprocessing = 0;
		};
/* End PBXResourcesBuildPhase section */

/* Begin PBXSourcesBuildPhase section */
		0EC909CA2F18743E00FEBC67 /* Sources */ = {
			isa = PBXSourcesBuildPhase;
			buildActionMask = 2147483647;
			files = (
			);
			runOnlyForDeploymentPostprocessing = 0;
		};
		0EC909D72F18743F00FEBC67 /* Sources */ = {
			isa = PBXSourcesBuildPhase;
			buildActionMask = 2147483647;
			files = (
			);
			runOnlyForDeploymentPostprocessing = 0;
		};
		0EC909E12F18743F00FEBC67 /* Sources */ = {
			isa = PBXSourcesBuildPhase;
			buildActionMask = 2147483647;
			files = (
			);
			runOnlyForDeploymentPostprocessing = 0;
		};
/* End PBXSourcesBuildPhase section */

/* Begin PBXTargetDependency section */
		0EC909DD2F18743F00FEBC67 /* PBXTargetDependency */ = {
			isa = PBXTargetDependency;
			target = 0EC909CD2F18743E00FEBC67 /* HocaLingo */;
			targetProxy = 0EC909DC2F18743F00FEBC67 /* PBXContainerItemProxy */;
		};
		0EC909E72F18743F00FEBC67 /* PBXTargetDependency */ = {
			isa = PBXTargetDependency;
			target = 0EC909CD2F18743E00FEBC67 /* HocaLingo */;
			targetProxy = 0EC909E62F18743F00FEBC67 /* PBXContainerItemProxy */;
		};
/* End PBXTargetDependency section */

/* Begin PBXVariantGroup section */
		0EC5FC752F192647002129FC /* Localizable.strings */ = {
			isa = PBXVariantGroup;
			children = (
				0EC5FC762F192647002129FC /* en */,
				0EC5FC792F192821002129FC /* tr */,
			);
			name = Localizable.strings;
			sourceTree = "<group>";
			usesTabs = 0;
		};
/* End PBXVariantGroup section */

/* Begin XCBuildConfiguration section */
		0EC909ED2F18743F00FEBC67 /* Debug */ = {
			isa = XCBuildConfiguration;
			buildSettings = {
				ALWAYS_SEARCH_USER_PATHS = NO;
				ASSETCATALOG_COMPILER_GENERATE_SWIFT_ASSET_SYMBOL_EXTENSIONS = YES;
				CLANG_ANALYZER_LOCALIZABILITY_NONLOCALIZED = YES;
				CLANG_ANALYZER_NONNULL = YES;
				CLANG_ANALYZER_NUMBER_OBJECT_CONVERSION = YES_AGGRESSIVE;
				CLANG_CXX_LANGUAGE_STANDARD = "gnu++20";
				CLANG_ENABLE_MODULES = YES;
				CLANG_ENABLE_OBJC_ARC = YES;
				CLANG_ENABLE_OBJC_WEAK = YES;
				CLANG_WARN_BLOCK_CAPTURE_AUTORELEASING = YES;
				CLANG_WARN_BOOL_CONVERSION = YES;
				CLANG_WARN_COMMA = YES;
				CLANG_WARN_CONSTANT_CONVERSION = YES;
				CLANG_WARN_DEPRECATED_OBJC_IMPLEMENTATIONS = YES;
				CLANG_WARN_DIRECT_OBJC_ISA_USAGE = YES_ERROR;
				CLANG_WARN_DOCUMENTATION_COMMENTS = YES;
				CLANG_WARN_EMPTY_BODY = YES;
				CLANG_WARN_ENUM_CONVERSION = YES;
				CLANG_WARN_INFINITE_RECURSION = YES;
				CLANG_WARN_INT_CONVERSION = YES;
				CLANG_WARN_NON_LITERAL_NULL_CONVERSION = YES;
				CLANG_WARN_OBJC_IMPLICIT_RETAIN_SELF = YES;
				CLANG_WARN_OBJC_LITERAL_CONVERSION = YES;
				CLANG_WARN_OBJC_ROOT_CLASS = YES_ERROR;
				CLANG_WARN_QUOTED_INCLUDE_IN_FRAMEWORK_HEADER = YES;
				CLANG_WARN_RANGE_LOOP_ANALYSIS = YES;
				CLANG_WARN_STRICT_PROTOTYPES = YES;
				CLANG_WARN_SUSPICIOUS_MOVE = YES;
				CLANG_WARN_UNGUARDED_AVAILABILITY = YES_AGGRESSIVE;
				CLANG_WARN_UNREACHABLE_CODE = YES;
				CLANG_WARN__DUPLICATE_METHOD_MATCH = YES;
				COPY_PHASE_STRIP = NO;
				DEBUG_INFORMATION_FORMAT = dwarf;
				ENABLE_STRICT_OBJC_MSGSEND = YES;
				ENABLE_TESTABILITY = YES;
				ENABLE_USER_SCRIPT_SANDBOXING = YES;
				GCC_C_LANGUAGE_STANDARD = gnu17;
				GCC_DYNAMIC_NO_PIC = NO;
				GCC_NO_COMMON_BLOCKS = YES;
				GCC_OPTIMIZATION_LEVEL = 0;
				GCC_PREPROCESSOR_DEFINITIONS = (
					"DEBUG=1",
					"$(inherited)",
				);
				GCC_WARN_64_TO_32_BIT_CONVERSION = YES;
				GCC_WARN_ABOUT_RETURN_TYPE = YES_ERROR;
				GCC_WARN_UNDECLARED_SELECTOR = YES;
				GCC_WARN_UNINITIALIZED_AUTOS = YES_AGGRESSIVE;
				GCC_WARN_UNUSED_FUNCTION = YES;
				GCC_WARN_UNUSED_VARIABLE = YES;
				IPHONEOS_DEPLOYMENT_TARGET = 26.0;
				LOCALIZATION_PREFERS_STRING_CATALOGS = YES;
				MTL_ENABLE_DEBUG_INFO = INCLUDE_SOURCE;
				MTL_FAST_MATH = YES;
				ONLY_ACTIVE_ARCH = YES;
				SDKROOT = iphoneos;
				SWIFT_ACTIVE_COMPILATION_CONDITIONS = "DEBUG $(inherited)";
				SWIFT_OPTIMIZATION_LEVEL = "-Onone";
			};
			name = Debug;
		};
		0EC909EE2F18743F00FEBC67 /* Release */ = {
			isa = XCBuildConfiguration;
			buildSettings = {
				ALWAYS_SEARCH_USER_PATHS = NO;
				ASSETCATALOG_COMPILER_GENERATE_SWIFT_ASSET_SYMBOL_EXTENSIONS = YES;
				CLANG_ANALYZER_LOCALIZABILITY_NONLOCALIZED = YES;
				CLANG_ANALYZER_NONNULL = YES;
				CLANG_ANALYZER_NUMBER_OBJECT_CONVERSION = YES_AGGRESSIVE;
				CLANG_CXX_LANGUAGE_STANDARD = "gnu++20";
				CLANG_ENABLE_MODULES = YES;
				CLANG_ENABLE_OBJC_ARC = YES;
				CLANG_ENABLE_OBJC_WEAK = YES;
				CLANG_WARN_BLOCK_CAPTURE_AUTORELEASING = YES;
				CLANG_WARN_BOOL_CONVERSION = YES;
				CLANG_WARN_COMMA = YES;
				CLANG_WARN_CONSTANT_CONVERSION = YES;
				CLANG_WARN_DEPRECATED_OBJC_IMPLEMENTATIONS = YES;
				CLANG_WARN_DIRECT_OBJC_ISA_USAGE = YES_ERROR;
				CLANG_WARN_DOCUMENTATION_COMMENTS = YES;
				CLANG_WARN_EMPTY_BODY = YES;
				CLANG_WARN_ENUM_CONVERSION = YES;
				CLANG_WARN_INFINITE_RECURSION = YES;
				CLANG_WARN_INT_CONVERSION = YES;
				CLANG_WARN_NON_LITERAL_NULL_CONVERSION = YES;
				CLANG_WARN_OBJC_IMPLICIT_RETAIN_SELF = YES;
				CLANG_WARN_OBJC_LITERAL_CONVERSION = YES;
				CLANG_WARN_OBJC_ROOT_CLASS = YES_ERROR;
				CLANG_WARN_QUOTED_INCLUDE_IN_FRAMEWORK_HEADER = YES;
				CLANG_WARN_RANGE_LOOP_ANALYSIS = YES;
				CLANG_WARN_STRICT_PROTOTYPES = YES;
				CLANG_WARN_SUSPICIOUS_MOVE = YES;
				CLANG_WARN_UNGUARDED_AVAILABILITY = YES_AGGRESSIVE;
				CLANG_WARN_UNREACHABLE_CODE = YES;
				CLANG_WARN__DUPLICATE_METHOD_MATCH = YES;
				COPY_PHASE_STRIP = NO;
				DEBUG_INFORMATION_FORMAT = "dwarf-with-dsym";
				ENABLE_NS_ASSERTIONS = NO;
				ENABLE_STRICT_OBJC_MSGSEND = YES;
				ENABLE_USER_SCRIPT_SANDBOXING = YES;
				GCC_C_LANGUAGE_STANDARD = gnu17;
				GCC_NO_COMMON_BLOCKS = YES;
				GCC_WARN_64_TO_32_BIT_CONVERSION = YES;
				GCC_WARN_ABOUT_RETURN_TYPE = YES_ERROR;
				GCC_WARN_UNDECLARED_SELECTOR = YES;
				GCC_WARN_UNINITIALIZED_AUTOS = YES_AGGRESSIVE;
				GCC_WARN_UNUSED_FUNCTION = YES;
				GCC_WARN_UNUSED_VARIABLE = YES;
				IPHONEOS_DEPLOYMENT_TARGET = 26.0;
				LOCALIZATION_PREFERS_STRING_CATALOGS = YES;
				MTL_ENABLE_DEBUG_INFO = NO;
				MTL_FAST_MATH = YES;
				SDKROOT = iphoneos;
				SWIFT_COMPILATION_MODE = wholemodule;
				VALIDATE_PRODUCT = YES;
			};
			name = Release;
		};
		0EC909F02F18743F00FEBC67 /* Debug */ = {
			isa = XCBuildConfiguration;
			buildSettings = {
				ASSETCATALOG_COMPILER_APPICON_NAME = AppIcon;
				ASSETCATALOG_COMPILER_GLOBAL_ACCENT_COLOR_NAME = AccentColor;
				CODE_SIGN_STYLE = Automatic;
				CURRENT_PROJECT_VERSION = 1;
				DEVELOPMENT_TEAM = KS76374DNS;
				ENABLE_PREVIEWS = YES;
				GENERATE_INFOPLIST_FILE = YES;
				INFOPLIST_KEY_UIApplicationSceneManifest_Generation = YES;
				INFOPLIST_KEY_UIApplicationSupportsIndirectInputEvents = YES;
				INFOPLIST_KEY_UILaunchScreen_Generation = YES;
				INFOPLIST_KEY_UISupportedInterfaceOrientations_iPad = "UIInterfaceOrientationPortrait UIInterfaceOrientationPortraitUpsideDown UIInterfaceOrientationLandscapeLeft UIInterfaceOrientationLandscapeRight";
				INFOPLIST_KEY_UISupportedInterfaceOrientations_iPhone = "UIInterfaceOrientationPortrait UIInterfaceOrientationLandscapeLeft UIInterfaceOrientationLandscapeRight";
				IPHONEOS_DEPLOYMENT_TARGET = 17.6;
				LD_RUNPATH_SEARCH_PATHS = (
					"$(inherited)",
					"@executable_path/Frameworks",
				);
				MARKETING_VERSION = 1.0;
				PRODUCT_BUNDLE_IDENTIFIER = com.hocalingo.HocaLingo;
				PRODUCT_NAME = "$(TARGET_NAME)";
				STRING_CATALOG_GENERATE_SYMBOLS = YES;
				SWIFT_APPROACHABLE_CONCURRENCY = YES;
				SWIFT_DEFAULT_ACTOR_ISOLATION = MainActor;
				SWIFT_EMIT_LOC_STRINGS = YES;
				SWIFT_UPCOMING_FEATURE_MEMBER_IMPORT_VISIBILITY = YES;
				SWIFT_VERSION = 5.0;
				TARGETED_DEVICE_FAMILY = "1,2";
			};
			name = Debug;
		};
		0EC909F12F18743F00FEBC67 /* Release */ = {
			isa = XCBuildConfiguration;
			buildSettings = {
				ASSETCATALOG_COMPILER_APPICON_NAME = AppIcon;
				ASSETCATALOG_COMPILER_GLOBAL_ACCENT_COLOR_NAME = AccentColor;
				CODE_SIGN_STYLE = Automatic;
				CURRENT_PROJECT_VERSION = 1;
				DEVELOPMENT_TEAM = KS76374DNS;
				ENABLE_PREVIEWS = YES;
				GENERATE_INFOPLIST_FILE = YES;
				INFOPLIST_KEY_UIApplicationSceneManifest_Generation = YES;
				INFOPLIST_KEY_UIApplicationSupportsIndirectInputEvents = YES;
				INFOPLIST_KEY_UILaunchScreen_Generation = YES;
				INFOPLIST_KEY_UISupportedInterfaceOrientations_iPad = "UIInterfaceOrientationPortrait UIInterfaceOrientationPortraitUpsideDown UIInterfaceOrientationLandscapeLeft UIInterfaceOrientationLandscapeRight";
				INFOPLIST_KEY_UISupportedInterfaceOrientations_iPhone = "UIInterfaceOrientationPortrait UIInterfaceOrientationLandscapeLeft UIInterfaceOrientationLandscapeRight";
				IPHONEOS_DEPLOYMENT_TARGET = 17.6;
				LD_RUNPATH_SEARCH_PATHS = (
					"$(inherited)",
					"@executable_path/Frameworks",
				);
				MARKETING_VERSION = 1.0;
				PRODUCT_BUNDLE_IDENTIFIER = com.hocalingo.HocaLingo;
				PRODUCT_NAME = "$(TARGET_NAME)";
				STRING_CATALOG_GENERATE_SYMBOLS = YES;
				SWIFT_APPROACHABLE_CONCURRENCY = YES;
				SWIFT_DEFAULT_ACTOR_ISOLATION = MainActor;
				SWIFT_EMIT_LOC_STRINGS = YES;
				SWIFT_UPCOMING_FEATURE_MEMBER_IMPORT_VISIBILITY = YES;
				SWIFT_VERSION = 5.0;
				TARGETED_DEVICE_FAMILY = "1,2";
			};
			name = Release;
		};
		0EC909F32F18743F00FEBC67 /* Debug */ = {
			isa = XCBuildConfiguration;
			buildSettings = {
				BUNDLE_LOADER = "$(TEST_HOST)";
				CODE_SIGN_STYLE = Automatic;
				CURRENT_PROJECT_VERSION = 1;
				GENERATE_INFOPLIST_FILE = YES;
				IPHONEOS_DEPLOYMENT_TARGET = 26.0;
				MARKETING_VERSION = 1.0;
				PRODUCT_BUNDLE_IDENTIFIER = com.hocalingo.HocaLingoTests;
				PRODUCT_NAME = "$(TARGET_NAME)";
				STRING_CATALOG_GENERATE_SYMBOLS = NO;
				SWIFT_APPROACHABLE_CONCURRENCY = YES;
				SWIFT_EMIT_LOC_STRINGS = NO;
				SWIFT_UPCOMING_FEATURE_MEMBER_IMPORT_VISIBILITY = YES;
				SWIFT_VERSION = 5.0;
				TARGETED_DEVICE_FAMILY = "1,2";
				TEST_HOST = "$(BUILT_PRODUCTS_DIR)/HocaLingo.app/$(BUNDLE_EXECUTABLE_FOLDER_PATH)/HocaLingo";
			};
			name = Debug;
		};
		0EC909F42F18743F00FEBC67 /* Release */ = {
			isa = XCBuildConfiguration;
			buildSettings = {
				BUNDLE_LOADER = "$(TEST_HOST)";
				CODE_SIGN_STYLE = Automatic;
				CURRENT_PROJECT_VERSION = 1;
				GENERATE_INFOPLIST_FILE = YES;
				IPHONEOS_DEPLOYMENT_TARGET = 26.0;
				MARKETING_VERSION = 1.0;
				PRODUCT_BUNDLE_IDENTIFIER = com.hocalingo.HocaLingoTests;
				PRODUCT_NAME = "$(TARGET_NAME)";
				STRING_CATALOG_GENERATE_SYMBOLS = NO;
				SWIFT_APPROACHABLE_CONCURRENCY = YES;
				SWIFT_EMIT_LOC_STRINGS = NO;
				SWIFT_UPCOMING_FEATURE_MEMBER_IMPORT_VISIBILITY = YES;
				SWIFT_VERSION = 5.0;
				TARGETED_DEVICE_FAMILY = "1,2";
				TEST_HOST = "$(BUILT_PRODUCTS_DIR)/HocaLingo.app/$(BUNDLE_EXECUTABLE_FOLDER_PATH)/HocaLingo";
			};
			name = Release;
		};
		0EC909F62F18743F00FEBC67 /* Debug */ = {
			isa = XCBuildConfiguration;
			buildSettings = {
				CODE_SIGN_STYLE = Automatic;
				CURRENT_PROJECT_VERSION = 1;
				GENERATE_INFOPLIST_FILE = YES;
				MARKETING_VERSION = 1.0;
				PRODUCT_BUNDLE_IDENTIFIER = com.hocalingo.HocaLingoUITests;
				PRODUCT_NAME = "$(TARGET_NAME)";
				STRING_CATALOG_GENERATE_SYMBOLS = NO;
				SWIFT_APPROACHABLE_CONCURRENCY = YES;
				SWIFT_EMIT_LOC_STRINGS = NO;
				SWIFT_UPCOMING_FEATURE_MEMBER_IMPORT_VISIBILITY = YES;
				SWIFT_VERSION = 5.0;
				TARGETED_DEVICE_FAMILY = "1,2";
				TEST_TARGET_NAME = HocaLingo;
			};
			name = Debug;
		};
		0EC909F72F18743F00FEBC67 /* Release */ = {
			isa = XCBuildConfiguration;
			buildSettings = {
				CODE_SIGN_STYLE = Automatic;
				CURRENT_PROJECT_VERSION = 1;
				GENERATE_INFOPLIST_FILE = YES;
				MARKETING_VERSION = 1.0;
				PRODUCT_BUNDLE_IDENTIFIER = com.hocalingo.HocaLingoUITests;
				PRODUCT_NAME = "$(TARGET_NAME)";
				STRING_CATALOG_GENERATE_SYMBOLS = NO;
				SWIFT_APPROACHABLE_CONCURRENCY = YES;
				SWIFT_EMIT_LOC_STRINGS = NO;
				SWIFT_UPCOMING_FEATURE_MEMBER_IMPORT_VISIBILITY = YES;
				SWIFT_VERSION = 5.0;
				TARGETED_DEVICE_FAMILY = "1,2";
				TEST_TARGET_NAME = HocaLingo;
			};
			name = Release;
		};
/* End XCBuildConfiguration section */

/* Begin XCConfigurationList section */
		0EC909C92F18743E00FEBC67 /* Build configuration list for PBXProject "HocaLingo" */ = {
			isa = XCConfigurationList;
			buildConfigurations = (
				0EC909ED2F18743F00FEBC67 /* Debug */,
				0EC909EE2F18743F00FEBC67 /* Release */,
			);
			defaultConfigurationIsVisible = 0;
			defaultConfigurationName = Release;
		};
		0EC909EF2F18743F00FEBC67 /* Build configuration list for PBXNativeTarget "HocaLingo" */ = {
			isa = XCConfigurationList;
			buildConfigurations = (
				0EC909F02F18743F00FEBC67 /* Debug */,
				0EC909F12F18743F00FEBC67 /* Release */,
			);
			defaultConfigurationIsVisible = 0;
			defaultConfigurationName = Release;
		};
		0EC909F22F18743F00FEBC67 /* Build configuration list for PBXNativeTarget "HocaLingoTests" */ = {
			isa = XCConfigurationList;
			buildConfigurations = (
				0EC909F32F18743F00FEBC67 /* Debug */,
				0EC909F42F18743F00FEBC67 /* Release */,
			);
			defaultConfigurationIsVisible = 0;
			defaultConfigurationName = Release;
		};
		0EC909F52F18743F00FEBC67 /* Build configuration list for PBXNativeTarget "HocaLingoUITests" */ = {
			isa = XCConfigurationList;
			buildConfigurations = (
				0EC909F62F18743F00FEBC67 /* Debug */,
				0EC909F72F18743F00FEBC67 /* Release */,
			);
			defaultConfigurationIsVisible = 0;
			defaultConfigurationName = Release;
		};
/* End XCConfigurationList section */
	};
	rootObject = 0EC909C62F18743E00FEBC67 /* Project object */;
}
